
Microsoft Visual Studio Solution File, Format Version 12.00
# Visual Studio Version 17
VisualStudioVersion = 17.7.34003.232
MinimumVisualStudioVersion = 10.0.40219.1
Project("{FAE04EC0-301F-11D3-BF4B-00C04F79EFBC}") = "Finance_Lord", "Finance_Lord\Finance_Lord.csproj", "{48EDC82B-06A5-46A8-834F-51275F4999EF}"
EndProject
Global
	GlobalSection(SolutionConfigurationPlatforms) = preSolution
		Debug|Any CPU = Debug|Any CPU
		Release|Any CPU = Release|Any CPU
	EndGlobalSection
	GlobalSection(ProjectConfigurationPlatforms) = postSolution
		{48EDC82B-06A5-46A8-834F-51275F4999EF}.Debug|Any CPU.ActiveCfg = Debug|Any CPU
		{48EDC82B-06A5-46A8-834F-51275F4999EF}.Debug|Any CPU.Build.0 = Debug|Any CPU
		{48EDC82B-06A5-46A8-834F-51275F4999EF}.Release|Any CPU.ActiveCfg = Release|Any CPU
		{48EDC82B-06A5-46A8-834F-51275F4999EF}.Release|Any CPU.Build.0 = Release|Any CPU
	EndGlobalSection
	GlobalSection(SolutionProperties) = preSolution
		HideSolutionNode = FALSE
	EndGlobalSection
	GlobalSection(ExtensibilityGlobals) = postSolution
		SolutionGuid = {0C1F866C-EF30-4E0D-9A9D-29C8F4924A9C}
	EndGlobalSection
EndGlobal
